
Microsoft Visual Studio Solution File, Format Version 12.00
# Visual Studio Version 17
VisualStudioVersion = 17.0.32014.148
MinimumVisualStudioVersion = 10.0.40219.1
Project("{FAE04EC0-301F-11D3-BF4B-00C04F79EFBC}") = "AlgorithmsWebApp", "AlgorithmsWebApp\AlgorithmsWebApp.csproj", "{79F1A5D2-5A39-4C23-9994-51C865DA0485}"
EndProject
Global
	GlobalSection(SolutionConfigurationPlatforms) = preSolution
		Debug|Any CPU = Debug|Any CPU
		Release|Any CPU = Release|Any CPU
	EndGlobalSection
	GlobalSection(ProjectConfigurationPlatforms) = postSolution
		{79F1A5D2-5A39-4C23-9994-51C865DA0485}.Debug|Any CPU.ActiveCfg = Debug|Any CPU
		{79F1A5D2-5A39-4C23-9994-51C865DA0485}.Debug|Any CPU.Build.0 = Debug|Any CPU
		{79F1A5D2-5A39-4C23-9994-51C865DA0485}.Release|Any CPU.ActiveCfg = Release|Any CPU
		{79F1A5D2-5A39-4C23-9994-51C865DA0485}.Release|Any CPU.Build.0 = Release|Any CPU
	EndGlobalSection
	GlobalSection(SolutionProperties) = preSolution
		HideSolutionNode = FALSE
	EndGlobalSection
	GlobalSection(ExtensibilityGlobals) = postSolution
		SolutionGuid = {7339A946-16A7-4825-9B52-9D994ECC9DBC}
	EndGlobalSection
EndGlobal
